
Microsoft Visual Studio Solution File, Format Version 12.00
# Visual Studio Version 16
VisualStudioVersion = 16.0.29519.87
MinimumVisualStudioVersion = 10.0.40219.1
Project("{FAE04EC0-301F-11D3-BF4B-00C04F79EFBC}") = "parallel 3", "parallel 3\parallel 3.csproj", "{21AA0E65-7783-46E9-957A-FE567FD5C4B2}"
EndProject
Global
	GlobalSection(SolutionConfigurationPlatforms) = preSolution
		Debug|Any CPU = Debug|Any CPU
		Release|Any CPU = Release|Any CPU
	EndGlobalSection
	GlobalSection(ProjectConfigurationPlatforms) = postSolution
		{21AA0E65-7783-46E9-957A-FE567FD5C4B2}.Debug|Any CPU.ActiveCfg = Debug|Any CPU
		{21AA0E65-7783-46E9-957A-FE567FD5C4B2}.Debug|Any CPU.Build.0 = Debug|Any CPU
		{21AA0E65-7783-46E9-957A-FE567FD5C4B2}.Release|Any CPU.ActiveCfg = Release|Any CPU
		{21AA0E65-7783-46E9-957A-FE567FD5C4B2}.Release|Any CPU.Build.0 = Release|Any CPU
	EndGlobalSection
	GlobalSection(SolutionProperties) = preSolution
		HideSolutionNode = FALSE
	EndGlobalSection
	GlobalSection(ExtensibilityGlobals) = postSolution
		SolutionGuid = {D99ECFB2-DD63-4455-BFE4-48ECF6BC474A}
	EndGlobalSection
EndGlobal
