
Microsoft Visual Studio Solution File, Format Version 12.00
# Visual Studio Version 16
VisualStudioVersion = 16.0.29519.87
MinimumVisualStudioVersion = 10.0.40219.1
Project("{FAE04EC0-301F-11D3-BF4B-00C04F79EFBC}") = "parrallel 2", "parrallel 2\parrallel 2.csproj", "{FACB4406-6612-49EB-A2D2-D2FF4FE95C41}"
EndProject
Global
	GlobalSection(SolutionConfigurationPlatforms) = preSolution
		Debug|Any CPU = Debug|Any CPU
		Release|Any CPU = Release|Any CPU
	EndGlobalSection
	GlobalSection(ProjectConfigurationPlatforms) = postSolution
		{FACB4406-6612-49EB-A2D2-D2FF4FE95C41}.Debug|Any CPU.ActiveCfg = Debug|Any CPU
		{FACB4406-6612-49EB-A2D2-D2FF4FE95C41}.Debug|Any CPU.Build.0 = Debug|Any CPU
		{FACB4406-6612-49EB-A2D2-D2FF4FE95C41}.Release|Any CPU.ActiveCfg = Release|Any CPU
		{FACB4406-6612-49EB-A2D2-D2FF4FE95C41}.Release|Any CPU.Build.0 = Release|Any CPU
	EndGlobalSection
	GlobalSection(SolutionProperties) = preSolution
		HideSolutionNode = FALSE
	EndGlobalSection
	GlobalSection(ExtensibilityGlobals) = postSolution
		SolutionGuid = {6180EFFC-AE08-438D-B66C-90A95250C9DC}
	EndGlobalSection
EndGlobal
